
Microsoft Visual Studio Solution File, Format Version 12.00
# Visual Studio 14
VisualStudioVersion = 14.0.24720.0
MinimumVisualStudioVersion = 10.0.40219.1
Project("{FAE04EC0-301F-11D3-BF4B-00C04F79EFBC}") = "Sense", "ProgettoGUI\Sense.csproj", "{6E5B6862-0F21-4AF9-A904-F5855B3CD5BD}"
EndProject
Project("{FAE04EC0-301F-11D3-BF4B-00C04F79EFBC}") = "ZedGraph BackEnd", "ZedGraph BackEnd\ZedGraph BackEnd.csproj", "{CA60B913-299C-4CF4-A815-F9F83C3A39A3}"
EndProject
Project("{FAE04EC0-301F-11D3-BF4B-00C04F79EFBC}") = "GuiTest", "GuiTest\GuiTest.csproj", "{D975456D-87B8-4847-81E1-49BE4721F0EA}"
EndProject
Global
	GlobalSection(SolutionConfigurationPlatforms) = preSolution
		Debug|Any CPU = Debug|Any CPU
		Release|Any CPU = Release|Any CPU
	EndGlobalSection
	GlobalSection(ProjectConfigurationPlatforms) = postSolution
		{6E5B6862-0F21-4AF9-A904-F5855B3CD5BD}.Debug|Any CPU.ActiveCfg = Debug|Any CPU
		{6E5B6862-0F21-4AF9-A904-F5855B3CD5BD}.Debug|Any CPU.Build.0 = Debug|Any CPU
		{6E5B6862-0F21-4AF9-A904-F5855B3CD5BD}.Release|Any CPU.ActiveCfg = Release|Any CPU
		{6E5B6862-0F21-4AF9-A904-F5855B3CD5BD}.Release|Any CPU.Build.0 = Release|Any CPU
		{CA60B913-299C-4CF4-A815-F9F83C3A39A3}.Debug|Any CPU.ActiveCfg = Debug|Any CPU
		{CA60B913-299C-4CF4-A815-F9F83C3A39A3}.Debug|Any CPU.Build.0 = Debug|Any CPU
		{CA60B913-299C-4CF4-A815-F9F83C3A39A3}.Release|Any CPU.ActiveCfg = Release|Any CPU
		{CA60B913-299C-4CF4-A815-F9F83C3A39A3}.Release|Any CPU.Build.0 = Release|Any CPU
		{D975456D-87B8-4847-81E1-49BE4721F0EA}.Debug|Any CPU.ActiveCfg = Debug|Any CPU
		{D975456D-87B8-4847-81E1-49BE4721F0EA}.Debug|Any CPU.Build.0 = Debug|Any CPU
		{D975456D-87B8-4847-81E1-49BE4721F0EA}.Release|Any CPU.ActiveCfg = Release|Any CPU
		{D975456D-87B8-4847-81E1-49BE4721F0EA}.Release|Any CPU.Build.0 = Release|Any CPU
	EndGlobalSection
	GlobalSection(SolutionProperties) = preSolution
		HideSolutionNode = FALSE
	EndGlobalSection
EndGlobal
